Microsoft Visual Studio Solution File, Format Version 11.00
# Visual Studio 2008

Project("{68FB35CB-5340-A5BE-566F-CFACB842270C}") = "TSSDV 1.3.2", "Assembly-CSharp.csproj", "{240973E6-258C-98D8-DCEA-7E887335164D}"
EndProject
Global
	GlobalSection(SolutionConfigurationPlatforms) = preSolution
		Debug|Any CPU = Debug|Any CPU
		Release|Any CPU = Release|Any CPU
	EndGlobalSection
	GlobalSection(ProjectConfigurationPlatforms) = postSolution
		{240973E6-258C-98D8-DCEA-7E887335164D}.Debug|Any CPU.ActiveCfg = Debug|Any CPU
		{240973E6-258C-98D8-DCEA-7E887335164D}.Debug|Any CPU.Build.0 = Debug|Any CPU
		{240973E6-258C-98D8-DCEA-7E887335164D}.Release|Any CPU.ActiveCfg = Release|Any CPU
		{240973E6-258C-98D8-DCEA-7E887335164D}.Release|Any CPU.Build.0 = Release|Any CPU
	EndGlobalSection
	GlobalSection(SolutionProperties) = preSolution
		HideSolutionNode = FALSE
	EndGlobalSection
	GlobalSection(MonoDevelopProperties) = preSolution
		StartupItem = Assembly-CSharp.csproj
	EndGlobalSection
EndGlobal
